// !$*UTF8*$!
{
	archiveVersion = 1;
	classes = {
	};
	objectVersion = 56;
	objects = {

/* Begin PBXBuildFile section */
		95163DE52D87F6F6000BA050 /* MainTabView.swift in Sources */ = {isa = PBXBuildFile; fileRef = 95163DE42D87F6F6000BA050 /* MainTabView.swift */; };
		95163DEB2D87FD27000BA050 /* ExploreView.swift in Sources */ = {isa = PBXBuildFile; fileRef = 95163DEA2D87FD27000BA050 /* ExploreView.swift */; };
		95163DED2D87FD45000BA050 /* NotificationsView.swift in Sources */ = {isa = PBXBuildFile; fileRef = 95163DEC2D87FD45000BA050 /* NotificationsView.swift */; };
		95163DEF2D87FD8F000BA050 /* MessagesView.swift in Sources */ = {isa = PBXBuildFile; fileRef = 95163DEE2D87FD8F000BA050 /* MessagesView.swift */; };
		95AD86B12D87E006004C2101 /* Twitter_CloneApp.swift in Sources */ = {isa = PBXBuildFile; fileRef = 95AD86B02D87E006004C2101 /* Twitter_CloneApp.swift */; };
		95AD86B32D87E006004C2101 /* ContentView.swift in Sources */ = {isa = PBXBuildFile; fileRef = 95AD86B22D87E006004C2101 /* ContentView.swift */; };
		95AD86B52D87E008004C2101 /* Assets.xcassets in Resources */ = {isa = PBXBuildFile; fileRef = 95AD86B42D87E008004C2101 /* Assets.xcassets */; };
		95AD86B82D87E008004C2101 /* Preview Assets.xcassets in Resources */ = {isa = PBXBuildFile; fileRef = 95AD86B72D87E008004C2101 /* Preview Assets.xcassets */; };
		95AD86C72D87E142004C2101 /* FeedView.swift in Sources */ = {isa = PBXBuildFile; fileRef = 95AD86C62D87E142004C2101 /* FeedView.swift */; };
		95AD86CA2D87E210004C2101 /* TweetsRowView.swift in Sources */ = {isa = PBXBuildFile; fileRef = 95AD86C92D87E210004C2101 /* TweetsRowView.swift */; };
/* End PBXBuildFile section */

/* Begin PBXFileReference section */
		95163DE42D87F6F6000BA050 /* MainTabView.swift */ = {isa = PBXFileReference; lastKnownFileType = sourcecode.swift; path = MainTabView.swift; sourceTree = "<group>"; };
		95163DEA2D87FD27000BA050 /* ExploreView.swift */ = {isa = PBXFileReference; lastKnownFileType = sourcecode.swift; path = ExploreView.swift; sourceTree = "<group>"; };
		95163DEC2D87FD45000BA050 /* NotificationsView.swift */ = {isa = PBXFileReference; lastKnownFileType = sourcecode.swift; path = NotificationsView.swift; sourceTree = "<group>"; };
		95163DEE2D87FD8F000BA050 /* MessagesView.swift */ = {isa = PBXFileReference; lastKnownFileType = sourcecode.swift; path = MessagesView.swift; sourceTree = "<group>"; };
		95AD86AD2D87E006004C2101 /* Twitter-Clone.app */ = {isa = PBXFileReference; explicitFileType = wrapper.application; includeInIndex = 0; path = "Twitter-Clone.app"; sourceTree = BUILT_PRODUCTS_DIR; };
		95AD86B02D87E006004C2101 /* Twitter_CloneApp.swift */ = {isa = PBXFileReference; lastKnownFileType = sourcecode.swift; path = Twitter_CloneApp.swift; sourceTree = "<group>"; };
		95AD86B22D87E006004C2101 /* ContentView.swift */ = {isa = PBXFileReference; lastKnownFileType = sourcecode.swift; path = ContentView.swift; sourceTree = "<group>"; };
		95AD86B42D87E008004C2101 /* Assets.xcassets */ = {isa = PBXFileReference; lastKnownFileType = folder.assetcatalog; path = Assets.xcassets; sourceTree = "<group>"; };
		95AD86B72D87E008004C2101 /* Preview Assets.xcassets */ = {isa = PBXFileReference; lastKnownFileType = folder.assetcatalog; path = "Preview Assets.xcassets"; sourceTree = "<group>"; };
		95AD86C62D87E142004C2101 /* FeedView.swift */ = {isa = PBXFileReference; lastKnownFileType = sourcecode.swift; path = FeedView.swift; sourceTree = "<group>"; };
		95AD86C92D87E210004C2101 /* TweetsRowView.swift */ = {isa = PBXFileReference; lastKnownFileType = sourcecode.swift; path = TweetsRowView.swift; sourceTree = "<group>"; };
/* End PBXFileReference section */

/* Begin PBXFrameworksBuildPhase section */
		95AD86AA2D87E006004C2101 /* Frameworks */ = {
			isa = PBXFrameworksBuildPhase;
			buildActionMask = 2147483647;
			files = (
			);
			runOnlyForDeploymentPostprocessing = 0;
		};
/* End PBXFrameworksBuildPhase section */

/* Begin PBXGroup section */
		95163DE32D87F6DD000BA050 /* MainTab */ = {
			isa = PBXGroup;
			children = (
				95163DE42D87F6F6000BA050 /* MainTabView.swift */,
			);
			path = MainTab;
			sourceTree = "<group>";
		};
		95163DE62D87FC8E000BA050 /* Messages */ = {
			isa = PBXGroup;
			children = (
				95163DEE2D87FD8F000BA050 /* MessagesView.swift */,
			);
			path = Messages;
			sourceTree = "<group>";
		};
		95163DE72D87FC91000BA050 /* Notifications */ = {
			isa = PBXGroup;
			children = (
				95163DEC2D87FD45000BA050 /* NotificationsView.swift */,
			);
			path = Notifications;
			sourceTree = "<group>";
		};
		95163DE82D87FC94000BA050 /* Explore */ = {
			isa = PBXGroup;
			children = (
				95163DEA2D87FD27000BA050 /* ExploreView.swift */,
			);
			path = Explore;
			sourceTree = "<group>";
		};
		95163DE92D87FCB4000BA050 /* Profile */ = {
			isa = PBXGroup;
			children = (
			);
			path = Profile;
			sourceTree = "<group>";
		};
		95AD86A42D87E006004C2101 = {
			isa = PBXGroup;
			children = (
				95AD86AF2D87E006004C2101 /* Twitter-Clone */,
				95AD86AE2D87E006004C2101 /* Products */,
			);
			sourceTree = "<group>";
		};
		95AD86AE2D87E006004C2101 /* Products */ = {
			isa = PBXGroup;
			children = (
				95AD86AD2D87E006004C2101 /* Twitter-Clone.app */,
			);
			name = Products;
			sourceTree = "<group>";
		};
		95AD86AF2D87E006004C2101 /* Twitter-Clone */ = {
			isa = PBXGroup;
			children = (
				95AD86C12D87E090004C2101 /* Core */,
				95AD86BE2D87E082004C2101 /* Extensions */,
				95AD86BF2D87E087004C2101 /* Model */,
				95AD86C02D87E08C004C2101 /* Service */,
				95AD86B02D87E006004C2101 /* Twitter_CloneApp.swift */,
				95AD86B22D87E006004C2101 /* ContentView.swift */,
				95AD86B42D87E008004C2101 /* Assets.xcassets */,
				95AD86B62D87E008004C2101 /* Preview Content */,
			);
			path = "Twitter-Clone";
			sourceTree = "<group>";
		};
		95AD86B62D87E008004C2101 /* Preview Content */ = {
			isa = PBXGroup;
			children = (
				95AD86B72D87E008004C2101 /* Preview Assets.xcassets */,
			);
			path = "Preview Content";
			sourceTree = "<group>";
		};
		95AD86BE2D87E082004C2101 /* Extensions */ = {
			isa = PBXGroup;
			children = (
			);
			path = Extensions;
			sourceTree = "<group>";
		};
		95AD86BF2D87E087004C2101 /* Model */ = {
			isa = PBXGroup;
			children = (
			);
			path = Model;
			sourceTree = "<group>";
		};
		95AD86C02D87E08C004C2101 /* Service */ = {
			isa = PBXGroup;
			children = (
			);
			path = Service;
			sourceTree = "<group>";
		};
		95AD86C12D87E090004C2101 /* Core */ = {
			isa = PBXGroup;
			children = (
				95AD86C22D87E0AF004C2101 /* Components */,
				95163DE82D87FC94000BA050 /* Explore */,
				95AD86C32D87E0B7004C2101 /* Feed */,
				95163DE32D87F6DD000BA050 /* MainTab */,
				95163DE62D87FC8E000BA050 /* Messages */,
				95163DE72D87FC91000BA050 /* Notifications */,
				95163DE92D87FCB4000BA050 /* Profile */,
			);
			path = Core;
			sourceTree = "<group>";
		};
		95AD86C22D87E0AF004C2101 /* Components */ = {
			isa = PBXGroup;
			children = (
				95AD86C82D87E1DE004C2101 /* Tweets */,
			);
			path = Components;
			sourceTree = "<group>";
		};
		95AD86C32D87E0B7004C2101 /* Feed */ = {
			isa = PBXGroup;
			children = (
				95AD86C52D87E12A004C2101 /* View */,
				95AD86C42D87E121004C2101 /* ViewModels */,
			);
			path = Feed;
			sourceTree = "<group>";
		};
		95AD86C42D87E121004C2101 /* ViewModels */ = {
			isa = PBXGroup;
			children = (
			);
			path = ViewModels;
			sourceTree = "<group>";
		};
		95AD86C52D87E12A004C2101 /* View */ = {
			isa = PBXGroup;
			children = (
				95AD86C62D87E142004C2101 /* FeedView.swift */,
			);
			path = View;
			sourceTree = "<group>";
		};
		95AD86C82D87E1DE004C2101 /* Tweets */ = {
			isa = PBXGroup;
			children = (
				95AD86C92D87E210004C2101 /* TweetsRowView.swift */,
			);
			path = Tweets;
			sourceTree = "<group>";
		};
/* End PBXGroup section */

/* Begin PBXNativeTarget section */
		95AD86AC2D87E006004C2101 /* Twitter-Clone */ = {
			isa = PBXNativeTarget;
			buildConfigurationList = 95AD86BB2D87E008004C2101 /* Build configuration list for PBXNativeTarget "Twitter-Clone" */;
			buildPhases = (
				95AD86A92D87E006004C2101 /* Sources */,
				95AD86AA2D87E006004C2101 /* Frameworks */,
				95AD86AB2D87E006004C2101 /* Resources */,
			);
			buildRules = (
			);
			dependencies = (
			);
			name = "Twitter-Clone";
			productName = "Twitter-Clone";
			productReference = 95AD86AD2D87E006004C2101 /* Twitter-Clone.app */;
			productType = "com.apple.product-type.application";
		};
/* End PBXNativeTarget section */

/* Begin PBXProject section */
		95AD86A52D87E006004C2101 /* Project object */ = {
			isa = PBXProject;
			attributes = {
				BuildIndependentTargetsInParallel = 1;
				LastSwiftUpdateCheck = 1420;
				LastUpgradeCheck = 1420;
				TargetAttributes = {
					95AD86AC2D87E006004C2101 = {
						CreatedOnToolsVersion = 14.2;
					};
				};
			};
			buildConfigurationList = 95AD86A82D87E006004C2101 /* Build configuration list for PBXProject "Twitter-Clone" */;
			compatibilityVersion = "Xcode 14.0";
			developmentRegion = en;
			hasScannedForEncodings = 0;
			knownRegions = (
				en,
				Base,
			);
			mainGroup = 95AD86A42D87E006004C2101;
			productRefGroup = 95AD86AE2D87E006004C2101 /* Products */;
			projectDirPath = "";
			projectRoot = "";
			targets = (
				95AD86AC2D87E006004C2101 /* Twitter-Clone */,
			);
		};
/* End PBXProject section */

/* Begin PBXResourcesBuildPhase section */
		95AD86AB2D87E006004C2101 /* Resources */ = {
			isa = PBXResourcesBuildPhase;
			buildActionMask = 2147483647;
			files = (
				95AD86B82D87E008004C2101 /* Preview Assets.xcassets in Resources */,
				95AD86B52D87E008004C2101 /* Assets.xcassets in Resources */,
			);
			runOnlyForDeploymentPostprocessing = 0;
		};
/* End PBXResourcesBuildPhase section */

/* Begin PBXSourcesBuildPhase section */
		95AD86A92D87E006004C2101 /* Sources */ = {
			isa = PBXSourcesBuildPhase;
			buildActionMask = 2147483647;
			files = (
				95163DEF2D87FD8F000BA050 /* MessagesView.swift in Sources */,
				95AD86B32D87E006004C2101 /* ContentView.swift in Sources */,
				95AD86CA2D87E210004C2101 /* TweetsRowView.swift in Sources */,
				95AD86C72D87E142004C2101 /* FeedView.swift in Sources */,
				95AD86B12D87E006004C2101 /* Twitter_CloneApp.swift in Sources */,
				95163DEB2D87FD27000BA050 /* ExploreView.swift in Sources */,
				95163DE52D87F6F6000BA050 /* MainTabView.swift in Sources */,
				95163DED2D87FD45000BA050 /* NotificationsView.swift in Sources */,
			);
			runOnlyForDeploymentPostprocessing = 0;
		};
/* End PBXSourcesBuildPhase section */

/* Begin XCBuildConfiguration section */
		95AD86B92D87E008004C2101 /* Debug */ = {
			isa = XCBuildConfiguration;
			buildSettings = {
				ALWAYS_SEARCH_USER_PATHS = NO;
				CLANG_ANALYZER_NONNULL = YES;
				CLANG_ANALYZER_NUMBER_OBJECT_CONVERSION = YES_AGGRESSIVE;
				CLANG_CXX_LANGUAGE_STANDARD = "gnu++20";
				CLANG_ENABLE_MODULES = YES;
				CLANG_ENABLE_OBJC_ARC = YES;
				CLANG_ENABLE_OBJC_WEAK = YES;
				CLANG_WARN_BLOCK_CAPTURE_AUTORELEASING = YES;
				CLANG_WARN_BOOL_CONVERSION = YES;
				CLANG_WARN_COMMA = YES;
				CLANG_WARN_CONSTANT_CONVERSION = YES;
				CLANG_WARN_DEPRECATED_OBJC_IMPLEMENTATIONS = YES;
				CLANG_WARN_DIRECT_OBJC_ISA_USAGE = YES_ERROR;
				CLANG_WARN_DOCUMENTATION_COMMENTS = YES;
				CLANG_WARN_EMPTY_BODY = YES;
				CLANG_WARN_ENUM_CONVERSION = YES;
				CLANG_WARN_INFINITE_RECURSION = YES;
				CLANG_WARN_INT_CONVERSION = YES;
				CLANG_WARN_NON_LITERAL_NULL_CONVERSION = YES;
				CLANG_WARN_OBJC_IMPLICIT_RETAIN_SELF = YES;
				CLANG_WARN_OBJC_LITERAL_CONVERSION = YES;
				CLANG_WARN_OBJC_ROOT_CLASS = YES_ERROR;
				CLANG_WARN_QUOTED_INCLUDE_IN_FRAMEWORK_HEADER = YES;
				CLANG_WARN_RANGE_LOOP_ANALYSIS = YES;
				CLANG_WARN_STRICT_PROTOTYPES = YES;
				CLANG_WARN_SUSPICIOUS_MOVE = YES;
				CLANG_WARN_UNGUARDED_AVAILABILITY = YES_AGGRESSIVE;
				CLANG_WARN_UNREACHABLE_CODE = YES;
				CLANG_WARN__DUPLICATE_METHOD_MATCH = YES;
				COPY_PHASE_STRIP = NO;
				DEBUG_INFORMATION_FORMAT = dwarf;
				ENABLE_STRICT_OBJC_MSGSEND = YES;
				ENABLE_TESTABILITY = YES;
				GCC_C_LANGUAGE_STANDARD = gnu11;
				GCC_DYNAMIC_NO_PIC = NO;
				GCC_NO_COMMON_BLOCKS = YES;
				GCC_OPTIMIZATION_LEVEL = 0;
				GCC_PREPROCESSOR_DEFINITIONS = (
					"DEBUG=1",
					"$(inherited)",
				);
				GCC_WARN_64_TO_32_BIT_CONVERSION = YES;
				GCC_WARN_ABOUT_RETURN_TYPE = YES_ERROR;
				GCC_WARN_UNDECLARED_SELECTOR = YES;
				GCC_WARN_UNINITIALIZED_AUTOS = YES_AGGRESSIVE;
				GCC_WARN_UNUSED_FUNCTION = YES;
				GCC_WARN_UNUSED_VARIABLE = YES;
				IPHONEOS_DEPLOYMENT_TARGET = 16.2;
				MTL_ENABLE_DEBUG_INFO = INCLUDE_SOURCE;
				MTL_FAST_MATH = YES;
				ONLY_ACTIVE_ARCH = YES;
				SDKROOT = iphoneos;
				SWIFT_ACTIVE_COMPILATION_CONDITIONS = DEBUG;
				SWIFT_OPTIMIZATION_LEVEL = "-Onone";
			};
			name = Debug;
		};
		95AD86BA2D87E008004C2101 /* Release */ = {
			isa = XCBuildConfiguration;
			buildSettings = {
				ALWAYS_SEARCH_USER_PATHS = NO;
				CLANG_ANALYZER_NONNULL = YES;
				CLANG_ANALYZER_NUMBER_OBJECT_CONVERSION = YES_AGGRESSIVE;
				CLANG_CXX_LANGUAGE_STANDARD = "gnu++20";
				CLANG_ENABLE_MODULES = YES;
				CLANG_ENABLE_OBJC_ARC = YES;
				CLANG_ENABLE_OBJC_WEAK = YES;
				CLANG_WARN_BLOCK_CAPTURE_AUTORELEASING = YES;
				CLANG_WARN_BOOL_CONVERSION = YES;
				CLANG_WARN_COMMA = YES;
				CLANG_WARN_CONSTANT_CONVERSION = YES;
				CLANG_WARN_DEPRECATED_OBJC_IMPLEMENTATIONS = YES;
				CLANG_WARN_DIRECT_OBJC_ISA_USAGE = YES_ERROR;
				CLANG_WARN_DOCUMENTATION_COMMENTS = YES;
				CLANG_WARN_EMPTY_BODY = YES;
				CLANG_WARN_ENUM_CONVERSION = YES;
				CLANG_WARN_INFINITE_RECURSION = YES;
				CLANG_WARN_INT_CONVERSION = YES;
				CLANG_WARN_NON_LITERAL_NULL_CONVERSION = YES;
				CLANG_WARN_OBJC_IMPLICIT_RETAIN_SELF = YES;
				CLANG_WARN_OBJC_LITERAL_CONVERSION = YES;
				CLANG_WARN_OBJC_ROOT_CLASS = YES_ERROR;
				CLANG_WARN_QUOTED_INCLUDE_IN_FRAMEWORK_HEADER = YES;
				CLANG_WARN_RANGE_LOOP_ANALYSIS = YES;
				CLANG_WARN_STRICT_PROTOTYPES = YES;
				CLANG_WARN_SUSPICIOUS_MOVE = YES;
				CLANG_WARN_UNGUARDED_AVAILABILITY = YES_AGGRESSIVE;
				CLANG_WARN_UNREACHABLE_CODE = YES;
				CLANG_WARN__DUPLICATE_METHOD_MATCH = YES;
				COPY_PHASE_STRIP = NO;
				DEBUG_INFORMATION_FORMAT = "dwarf-with-dsym";
				ENABLE_NS_ASSERTIONS = NO;
				ENABLE_STRICT_OBJC_MSGSEND = YES;
				GCC_C_LANGUAGE_STANDARD = gnu11;
				GCC_NO_COMMON_BLOCKS = YES;
				GCC_WARN_64_TO_32_BIT_CONVERSION = YES;
				GCC_WARN_ABOUT_RETURN_TYPE = YES_ERROR;
				GCC_WARN_UNDECLARED_SELECTOR = YES;
				GCC_WARN_UNINITIALIZED_AUTOS = YES_AGGRESSIVE;
				GCC_WARN_UNUSED_FUNCTION = YES;
				GCC_WARN_UNUSED_VARIABLE = YES;
				IPHONEOS_DEPLOYMENT_TARGET = 16.2;
				MTL_ENABLE_DEBUG_INFO = NO;
				MTL_FAST_MATH = YES;
				SDKROOT = iphoneos;
				SWIFT_COMPILATION_MODE = wholemodule;
				SWIFT_OPTIMIZATION_LEVEL = "-O";
				VALIDATE_PRODUCT = YES;
			};
			name = Release;
		};
		95AD86BC2D87E008004C2101 /* Debug */ = {
			isa = XCBuildConfiguration;
			buildSettings = {
				ASSETCATALOG_COMPILER_APPICON_NAME = AppIcon;
				ASSETCATALOG_COMPILER_GLOBAL_ACCENT_COLOR_NAME = AccentColor;
				CODE_SIGN_STYLE = Automatic;
				CURRENT_PROJECT_VERSION = 1;
				DEVELOPMENT_ASSET_PATHS = "\"Twitter-Clone/Preview Content\"";
				ENABLE_PREVIEWS = YES;
				GENERATE_INFOPLIST_FILE = YES;
				INFOPLIST_KEY_UIApplicationSceneManifest_Generation = YES;
				INFOPLIST_KEY_UIApplicationSupportsIndirectInputEvents = YES;
				INFOPLIST_KEY_UILaunchScreen_Generation = YES;
				INFOPLIST_KEY_UISupportedInterfaceOrientations_iPad = "UIInterfaceOrientationPortrait UIInterfaceOrientationPortraitUpsideDown UIInterfaceOrientationLandscapeLeft UIInterfaceOrientationLandscapeRight";
				INFOPLIST_KEY_UISupportedInterfaceOrientations_iPhone = "UIInterfaceOrientationPortrait UIInterfaceOrientationLandscapeLeft UIInterfaceOrientationLandscapeRight";
				LD_RUNPATH_SEARCH_PATHS = (
					"$(inherited)",
					"@executable_path/Frameworks",
				);
				MARKETING_VERSION = 1.0;
				PRODUCT_BUNDLE_IDENTIFIER = "com.example.Twitter-Clone";
				PRODUCT_NAME = "$(TARGET_NAME)";
				SWIFT_EMIT_LOC_STRINGS = YES;
				SWIFT_VERSION = 5.0;
				TARGETED_DEVICE_FAMILY = "1,2";
			};
			name = Debug;
		};
		95AD86BD2D87E008004C2101 /* Release */ = {
			isa = XCBuildConfiguration;
			buildSettings = {
				ASSETCATALOG_COMPILER_APPICON_NAME = AppIcon;
				ASSETCATALOG_COMPILER_GLOBAL_ACCENT_COLOR_NAME = AccentColor;
				CODE_SIGN_STYLE = Automatic;
				CURRENT_PROJECT_VERSION = 1;
				DEVELOPMENT_ASSET_PATHS = "\"Twitter-Clone/Preview Content\"";
				ENABLE_PREVIEWS = YES;
				GENERATE_INFOPLIST_FILE = YES;
				INFOPLIST_KEY_UIApplicationSceneManifest_Generation = YES;
				INFOPLIST_KEY_UIApplicationSupportsIndirectInputEvents = YES;
				INFOPLIST_KEY_UILaunchScreen_Generation = YES;
				INFOPLIST_KEY_UISupportedInterfaceOrientations_iPad = "UIInterfaceOrientationPortrait UIInterfaceOrientationPortraitUpsideDown UIInterfaceOrientationLandscapeLeft UIInterfaceOrientationLandscapeRight";
				INFOPLIST_KEY_UISupportedInterfaceOrientations_iPhone = "UIInterfaceOrientationPortrait UIInterfaceOrientationLandscapeLeft UIInterfaceOrientationLandscapeRight";
				LD_RUNPATH_SEARCH_PATHS = (
					"$(inherited)",
					"@executable_path/Frameworks",
				);
				MARKETING_VERSION = 1.0;
				PRODUCT_BUNDLE_IDENTIFIER = "com.example.Twitter-Clone";
				PRODUCT_NAME = "$(TARGET_NAME)";
				SWIFT_EMIT_LOC_STRINGS = YES;
				SWIFT_VERSION = 5.0;
				TARGETED_DEVICE_FAMILY = "1,2";
			};
			name = Release;
		};
/* End XCBuildConfiguration section */

/* Begin XCConfigurationList section */
		95AD86A82D87E006004C2101 /* Build configuration list for PBXProject "Twitter-Clone" */ = {
			isa = XCConfigurationList;
			buildConfigurations = (
				95AD86B92D87E008004C2101 /* Debug */,
				95AD86BA2D87E008004C2101 /* Release */,
			);
			defaultConfigurationIsVisible = 0;
			defaultConfigurationName = Release;
		};
		95AD86BB2D87E008004C2101 /* Build configuration list for PBXNativeTarget "Twitter-Clone" */ = {
			isa = XCConfigurationList;
			buildConfigurations = (
				95AD86BC2D87E008004C2101 /* Debug */,
				95AD86BD2D87E008004C2101 /* Release */,
			);
			defaultConfigurationIsVisible = 0;
			defaultConfigurationName = Release;
		};
/* End XCConfigurationList section */
	};
	rootObject = 95AD86A52D87E006004C2101 /* Project object */;
}
